// !$*UTF8*$!
{
	archiveVersion = 1;
	classes = {
	};
	objectVersion = 46;
	objects = {

/* Begin PBXBuildFile section */
		DE6FD3441B31E0B20086B0DD /* SQLModel.framework in Frameworks */ = {isa = PBXBuildFile; fileRef = DECFB7EB1B3074B4008037F0 /* SQLModel.framework */; settings = {ATTRIBUTES = (Weak, ); }; };
		DE6FD3451B31E0BF0086B0DD /* SQLModel.framework in Frameworks */ = {isa = PBXBuildFile; fileRef = DECFB7EB1B3074B4008037F0 /* SQLModel.framework */; };
		DE6FD35C1B31EAC00086B0DD /* HBHandlebars.framework in Frameworks */ = {isa = PBXBuildFile; fileRef = DE6FD35B1B31EAC00086B0DD /* HBHandlebars.framework */; };
		DECFB7E61B30749B008037F0 /* main.m in Sources */ = {isa = PBXBuildFile; fileRef = DECFB7E51B30749B008037F0 /* main.m */; };
		DECFB7EC1B3074B4008037F0 /* CocoaOniguruma.framework in Frameworks */ = {isa = PBXBuildFile; fileRef = DECFB7EA1B3074B4008037F0 /* CocoaOniguruma.framework */; };
		DECFB7F01B3074C7008037F0 /* MHHandlebarsPlugin.m in Sources */ = {isa = PBXBuildFile; fileRef = DECFB7EF1B3074C7008037F0 /* MHHandlebarsPlugin.m */; };
		DECFB7F31B3074F3008037F0 /* MHHandleBarsExporter.m in Sources */ = {isa = PBXBuildFile; fileRef = DECFB7F21B3074F3008037F0 /* MHHandleBarsExporter.m */; };
		DECFB7F51B307544008037F0 /* SQLEditorHandlebarsTemplate.bundle in CopyFiles */ = {isa = PBXBuildFile; fileRef = DECFB7D51B307488008037F0 /* SQLEditorHandlebarsTemplate.bundle */; };
		DECFB7FC1B307643008037F0 /* report.template in Resources */ = {isa = PBXBuildFile; fileRef = DECFB7FB1B307643008037F0 /* report.template */; };
		DECFB7FF1B30776A008037F0 /* CocoaOniguruma.framework in CopyFiles */ = {isa = PBXBuildFile; fileRef = DECFB7EA1B3074B4008037F0 /* CocoaOniguruma.framework */; };
		DECFB8001B30776A008037F0 /* SQLModel.framework in CopyFiles */ = {isa = PBXBuildFile; fileRef = DECFB7EB1B3074B4008037F0 /* SQLModel.framework */; };
		DECFB8041B3078DE008037F0 /* TemplateParser.js in Resources */ = {isa = PBXBuildFile; fileRef = DECFB8031B3078DE008037F0 /* TemplateParser.js */; };
/* End PBXBuildFile section */

/* Begin PBXContainerItemProxy section */
		DECFB7F61B307548008037F0 /* PBXContainerItemProxy */ = {
			isa = PBXContainerItemProxy;
			containerPortal = DECFB7CD1B307488008037F0 /* Project object */;
			proxyType = 1;
			remoteGlobalIDString = DECFB7D41B307488008037F0;
			remoteInfo = SQLEditorHandlebarsTemplate;
		};
/* End PBXContainerItemProxy section */

/* Begin PBXCopyFilesBuildPhase section */
		DECFB7F41B307539008037F0 /* CopyFiles */ = {
			isa = PBXCopyFilesBuildPhase;
			buildActionMask = 2147483647;
			dstPath = Contents/Plugins;
			dstSubfolderSpec = 16;
			files = (
				DECFB7F51B307544008037F0 /* SQLEditorHandlebarsTemplate.bundle in CopyFiles */,
			);
			runOnlyForDeploymentPostprocessing = 0;
		};
		DECFB7FE1B307764008037F0 /* CopyFiles */ = {
			isa = PBXCopyFilesBuildPhase;
			buildActionMask = 2147483647;
			dstPath = "";
			dstSubfolderSpec = 16;
			files = (
				DECFB7FF1B30776A008037F0 /* CocoaOniguruma.framework in CopyFiles */,
				DECFB8001B30776A008037F0 /* SQLModel.framework in CopyFiles */,
			);
			runOnlyForDeploymentPostprocessing = 0;
		};
		DECFB8091B30983B008037F0 /* CopyFiles */ = {
			isa = PBXCopyFilesBuildPhase;
			buildActionMask = 2147483647;
			dstPath = "";
			dstSubfolderSpec = 10;
			files = (
			);
			runOnlyForDeploymentPostprocessing = 0;
		};
/* End PBXCopyFilesBuildPhase section */

/* Begin PBXFileReference section */
		DE6FD35B1B31EAC00086B0DD /* HBHandlebars.framework */ = {isa = PBXFileReference; lastKnownFileType = wrapper.framework; name = HBHandlebars.framework; path = "vendor/handlebars-objc/src/build/Debug/HBHandlebars.framework"; sourceTree = "<group>"; };
		DECFB7D51B307488008037F0 /* SQLEditorHandlebarsTemplate.bundle */ = {isa = PBXFileReference; explicitFileType = wrapper.cfbundle; includeInIndex = 0; path = SQLEditorHandlebarsTemplate.bundle; sourceTree = BUILT_PRODUCTS_DIR; };
		DECFB7D91B307488008037F0 /* Info.plist */ = {isa = PBXFileReference; lastKnownFileType = text.plist.xml; path = Info.plist; sourceTree = "<group>"; };
		DECFB7E31B30749B008037F0 /* SQLTestTool */ = {isa = PBXFileReference; explicitFileType = "compiled.mach-o.executable"; includeInIndex = 0; path = SQLTestTool; sourceTree = BUILT_PRODUCTS_DIR; };
		DECFB7E51B30749B008037F0 /* main.m */ = {isa = PBXFileReference; lastKnownFileType = sourcecode.c.objc; path = main.m; sourceTree = "<group>"; };
		DECFB7EA1B3074B4008037F0 /* CocoaOniguruma.framework */ = {isa = PBXFileReference; lastKnownFileType = wrapper.framework; path = CocoaOniguruma.framework; sourceTree = "<group>"; };
		DECFB7EB1B3074B4008037F0 /* SQLModel.framework */ = {isa = PBXFileReference; lastKnownFileType = wrapper.framework; path = SQLModel.framework; sourceTree = "<group>"; };
		DECFB7EE1B3074C7008037F0 /* MHHandlebarsPlugin.h */ = {isa = PBXFileReference; fileEncoding = 4; lastKnownFileType = sourcecode.c.h; path = MHHandlebarsPlugin.h; sourceTree = "<group>"; };
		DECFB7EF1B3074C7008037F0 /* MHHandlebarsPlugin.m */ = {isa = PBXFileReference; fileEncoding = 4; lastKnownFileType = sourcecode.c.objc; path = MHHandlebarsPlugin.m; sourceTree = "<group>"; };
		DECFB7F11B3074F3008037F0 /* MHHandleBarsExporter.h */ = {isa = PBXFileReference; fileEncoding = 4; lastKnownFileType = sourcecode.c.h; path = MHHandleBarsExporter.h; sourceTree = "<group>"; };
		DECFB7F21B3074F3008037F0 /* MHHandleBarsExporter.m */ = {isa = PBXFileReference; fileEncoding = 4; lastKnownFileType = sourcecode.c.objc; path = MHHandleBarsExporter.m; sourceTree = "<group>"; };
		DECFB7FB1B307643008037F0 /* report.template */ = {isa = PBXFileReference; explicitFileType = text; fileEncoding = 4; path = report.template; sourceTree = "<group>"; };
		DECFB8031B3078DE008037F0 /* TemplateParser.js */ = {isa = PBXFileReference; fileEncoding = 4; lastKnownFileType = sourcecode.javascript; path = TemplateParser.js; sourceTree = "<group>"; };
/* End PBXFileReference section */

/* Begin PBXFrameworksBuildPhase section */
		DECFB7D21B307488008037F0 /* Frameworks */ = {
			isa = PBXFrameworksBuildPhase;
			buildActionMask = 2147483647;
			files = (
				DE6FD35C1B31EAC00086B0DD /* HBHandlebars.framework in Frameworks */,
				DE6FD3441B31E0B20086B0DD /* SQLModel.framework in Frameworks */,
			);
			runOnlyForDeploymentPostprocessing = 0;
		};
		DECFB7E01B30749B008037F0 /* Frameworks */ = {
			isa = PBXFrameworksBuildPhase;
			buildActionMask = 2147483647;
			files = (
				DECFB7EC1B3074B4008037F0 /* CocoaOniguruma.framework in Frameworks */,
				DE6FD3451B31E0BF0086B0DD /* SQLModel.framework in Frameworks */,
			);
			runOnlyForDeploymentPostprocessing = 0;
		};
/* End PBXFrameworksBuildPhase section */

/* Begin PBXGroup section */
		DE6FD35D1B31EAE80086B0DD /* Frameworks */ = {
			isa = PBXGroup;
			children = (
				DE6FD35B1B31EAC00086B0DD /* HBHandlebars.framework */,
			);
			name = Frameworks;
			sourceTree = "<group>";
		};
		DECFB7CC1B307488008037F0 = {
			isa = PBXGroup;
			children = (
				DECFB7D71B307488008037F0 /* SQLEditorHandlebarsTemplate */,
				DE6FD35D1B31EAE80086B0DD /* Frameworks */,
				DECFB7E41B30749B008037F0 /* SQLTestTool */,
				DECFB7D61B307488008037F0 /* Products */,
			);
			sourceTree = "<group>";
		};
		DECFB7D61B307488008037F0 /* Products */ = {
			isa = PBXGroup;
			children = (
				DECFB7D51B307488008037F0 /* SQLEditorHandlebarsTemplate.bundle */,
				DECFB7E31B30749B008037F0 /* SQLTestTool */,
			);
			name = Products;
			sourceTree = "<group>";
		};
		DECFB7D71B307488008037F0 /* SQLEditorHandlebarsTemplate */ = {
			isa = PBXGroup;
			children = (
				DECFB7EE1B3074C7008037F0 /* MHHandlebarsPlugin.h */,
				DECFB7EF1B3074C7008037F0 /* MHHandlebarsPlugin.m */,
				DECFB7F11B3074F3008037F0 /* MHHandleBarsExporter.h */,
				DECFB7F21B3074F3008037F0 /* MHHandleBarsExporter.m */,
				DECFB7F81B307565008037F0 /* scripts */,
				DECFB7D81B307488008037F0 /* Supporting Files */,
			);
			path = SQLEditorHandlebarsTemplate;
			sourceTree = "<group>";
		};
		DECFB7D81B307488008037F0 /* Supporting Files */ = {
			isa = PBXGroup;
			children = (
				DECFB7D91B307488008037F0 /* Info.plist */,
			);
			name = "Supporting Files";
			sourceTree = "<group>";
		};
		DECFB7E41B30749B008037F0 /* SQLTestTool */ = {
			isa = PBXGroup;
			children = (
				DECFB7E51B30749B008037F0 /* main.m */,
				DECFB7EA1B3074B4008037F0 /* CocoaOniguruma.framework */,
				DECFB7EB1B3074B4008037F0 /* SQLModel.framework */,
			);
			path = SQLTestTool;
			sourceTree = "<group>";
		};
		DECFB7F81B307565008037F0 /* scripts */ = {
			isa = PBXGroup;
			children = (
				DECFB8031B3078DE008037F0 /* TemplateParser.js */,
				DECFB7FB1B307643008037F0 /* report.template */,
			);
			path = scripts;
			sourceTree = "<group>";
		};
/* End PBXGroup section */

/* Begin PBXNativeTarget section */
		DECFB7D41B307488008037F0 /* SQLEditorHandlebarsTemplate */ = {
			isa = PBXNativeTarget;
			buildConfigurationList = DECFB7DC1B307488008037F0 /* Build configuration list for PBXNativeTarget "SQLEditorHandlebarsTemplate" */;
			buildPhases = (
				DECFB7D11B307488008037F0 /* Sources */,
				DECFB7D21B307488008037F0 /* Frameworks */,
				DECFB7D31B307488008037F0 /* Resources */,
				DECFB8091B30983B008037F0 /* CopyFiles */,
			);
			buildRules = (
			);
			dependencies = (
			);
			name = SQLEditorHandlebarsTemplate;
			productName = SQLEditorHandlebarsTemplate;
			productReference = DECFB7D51B307488008037F0 /* SQLEditorHandlebarsTemplate.bundle */;
			productType = "com.apple.product-type.bundle";
		};
		DECFB7E21B30749B008037F0 /* SQLTestTool */ = {
			isa = PBXNativeTarget;
			buildConfigurationList = DECFB7E71B30749B008037F0 /* Build configuration list for PBXNativeTarget "SQLTestTool" */;
			buildPhases = (
				DECFB7DF1B30749B008037F0 /* Sources */,
				DECFB7E01B30749B008037F0 /* Frameworks */,
				DECFB7F41B307539008037F0 /* CopyFiles */,
				DECFB7FE1B307764008037F0 /* CopyFiles */,
			);
			buildRules = (
			);
			dependencies = (
				DECFB7F71B307548008037F0 /* PBXTargetDependency */,
			);
			name = SQLTestTool;
			productName = SQLTestTool;
			productReference = DECFB7E31B30749B008037F0 /* SQLTestTool */;
			productType = "com.apple.product-type.tool";
		};
/* End PBXNativeTarget section */

/* Begin PBXProject section */
		DECFB7CD1B307488008037F0 /* Project object */ = {
			isa = PBXProject;
			attributes = {
				LastUpgradeCheck = 0630;
				ORGANIZATIONNAME = "MalcolmHardie Solutions";
				TargetAttributes = {
					DECFB7D41B307488008037F0 = {
						CreatedOnToolsVersion = 6.3.1;
					};
					DECFB7E21B30749B008037F0 = {
						CreatedOnToolsVersion = 6.3.1;
					};
				};
			};
			buildConfigurationList = DECFB7D01B307488008037F0 /* Build configuration list for PBXProject "SQLEditorHandlebarsTemplate" */;
			compatibilityVersion = "Xcode 3.2";
			developmentRegion = English;
			hasScannedForEncodings = 0;
			knownRegions = (
				en,
			);
			mainGroup = DECFB7CC1B307488008037F0;
			productRefGroup = DECFB7D61B307488008037F0 /* Products */;
			projectDirPath = "";
			projectRoot = "";
			targets = (
				DECFB7E21B30749B008037F0 /* SQLTestTool */,
				DECFB7D41B307488008037F0 /* SQLEditorHandlebarsTemplate */,
			);
		};
/* End PBXProject section */

/* Begin PBXResourcesBuildPhase section */
		DECFB7D31B307488008037F0 /* Resources */ = {
			isa = PBXResourcesBuildPhase;
			buildActionMask = 2147483647;
			files = (
				DECFB7FC1B307643008037F0 /* report.template in Resources */,
				DECFB8041B3078DE008037F0 /* TemplateParser.js in Resources */,
			);
			runOnlyForDeploymentPostprocessing = 0;
		};
/* End PBXResourcesBuildPhase section */

/* Begin PBXSourcesBuildPhase section */
		DECFB7D11B307488008037F0 /* Sources */ = {
			isa = PBXSourcesBuildPhase;
			buildActionMask = 2147483647;
			files = (
				DECFB7F01B3074C7008037F0 /* MHHandlebarsPlugin.m in Sources */,
				DECFB7F31B3074F3008037F0 /* MHHandleBarsExporter.m in Sources */,
			);
			runOnlyForDeploymentPostprocessing = 0;
		};
		DECFB7DF1B30749B008037F0 /* Sources */ = {
			isa = PBXSourcesBuildPhase;
			buildActionMask = 2147483647;
			files = (
				DECFB7E61B30749B008037F0 /* main.m in Sources */,
			);
			runOnlyForDeploymentPostprocessing = 0;
		};
/* End PBXSourcesBuildPhase section */

/* Begin PBXTargetDependency section */
		DECFB7F71B307548008037F0 /* PBXTargetDependency */ = {
			isa = PBXTargetDependency;
			target = DECFB7D41B307488008037F0 /* SQLEditorHandlebarsTemplate */;
			targetProxy = DECFB7F61B307548008037F0 /* PBXContainerItemProxy */;
		};
/* End PBXTargetDependency section */

/* Begin XCBuildConfiguration section */
		DECFB7DA1B307488008037F0 /* Debug */ = {
			isa = XCBuildConfiguration;
			buildSettings = {
				ALWAYS_SEARCH_USER_PATHS = NO;
				CLANG_CXX_LANGUAGE_STANDARD = "gnu++0x";
				CLANG_CXX_LIBRARY = "libc++";
				CLANG_ENABLE_MODULES = YES;
				CLANG_ENABLE_OBJC_ARC = YES;
				CLANG_WARN_BOOL_CONVERSION = YES;
				CLANG_WARN_CONSTANT_CONVERSION = YES;
				CLANG_WARN_DIRECT_OBJC_ISA_USAGE = YES_ERROR;
				CLANG_WARN_EMPTY_BODY = YES;
				CLANG_WARN_ENUM_CONVERSION = YES;
				CLANG_WARN_INT_CONVERSION = YES;
				CLANG_WARN_OBJC_ROOT_CLASS = YES_ERROR;
				CLANG_WARN_UNREACHABLE_CODE = YES;
				CLANG_WARN__DUPLICATE_METHOD_MATCH = YES;
				COPY_PHASE_STRIP = NO;
				DEBUG_INFORMATION_FORMAT = dwarf;
				ENABLE_STRICT_OBJC_MSGSEND = YES;
				GCC_C_LANGUAGE_STANDARD = gnu99;
				GCC_DYNAMIC_NO_PIC = NO;
				GCC_NO_COMMON_BLOCKS = YES;
				GCC_OPTIMIZATION_LEVEL = 0;
				GCC_PREPROCESSOR_DEFINITIONS = (
					"DEBUG=1",
					"$(inherited)",
				);
				GCC_SYMBOLS_PRIVATE_EXTERN = NO;
				GCC_WARN_64_TO_32_BIT_CONVERSION = YES;
				GCC_WARN_ABOUT_RETURN_TYPE = YES_ERROR;
				GCC_WARN_UNDECLARED_SELECTOR = YES;
				GCC_WARN_UNINITIALIZED_AUTOS = YES_AGGRESSIVE;
				GCC_WARN_UNUSED_FUNCTION = YES;
				GCC_WARN_UNUSED_VARIABLE = YES;
				MACOSX_DEPLOYMENT_TARGET = 10.10;
				MTL_ENABLE_DEBUG_INFO = YES;
				ONLY_ACTIVE_ARCH = YES;
				SDKROOT = macosx;
			};
			name = Debug;
		};
		DECFB7DB1B307488008037F0 /* Release */ = {
			isa = XCBuildConfiguration;
			buildSettings = {
				ALWAYS_SEARCH_USER_PATHS = NO;
				CLANG_CXX_LANGUAGE_STANDARD = "gnu++0x";
				CLANG_CXX_LIBRARY = "libc++";
				CLANG_ENABLE_MODULES = YES;
				CLANG_ENABLE_OBJC_ARC = YES;
				CLANG_WARN_BOOL_CONVERSION = YES;
				CLANG_WARN_CONSTANT_CONVERSION = YES;
				CLANG_WARN_DIRECT_OBJC_ISA_USAGE = YES_ERROR;
				CLANG_WARN_EMPTY_BODY = YES;
				CLANG_WARN_ENUM_CONVERSION = YES;
				CLANG_WARN_INT_CONVERSION = YES;
				CLANG_WARN_OBJC_ROOT_CLASS = YES_ERROR;
				CLANG_WARN_UNREACHABLE_CODE = YES;
				CLANG_WARN__DUPLICATE_METHOD_MATCH = YES;
				COPY_PHASE_STRIP = NO;
				DEBUG_INFORMATION_FORMAT = "dwarf-with-dsym";
				ENABLE_NS_ASSERTIONS = NO;
				ENABLE_STRICT_OBJC_MSGSEND = YES;
				GCC_C_LANGUAGE_STANDARD = gnu99;
				GCC_NO_COMMON_BLOCKS = YES;
				GCC_WARN_64_TO_32_BIT_CONVERSION = YES;
				GCC_WARN_ABOUT_RETURN_TYPE = YES_ERROR;
				GCC_WARN_UNDECLARED_SELECTOR = YES;
				GCC_WARN_UNINITIALIZED_AUTOS = YES_AGGRESSIVE;
				GCC_WARN_UNUSED_FUNCTION = YES;
				GCC_WARN_UNUSED_VARIABLE = YES;
				MACOSX_DEPLOYMENT_TARGET = 10.10;
				MTL_ENABLE_DEBUG_INFO = NO;
				SDKROOT = macosx;
			};
			name = Release;
		};
		DECFB7DD1B307488008037F0 /* Debug */ = {
			isa = XCBuildConfiguration;
			buildSettings = {
				COMBINE_HIDPI_IMAGES = YES;
				FRAMEWORK_SEARCH_PATHS = (
					"$(inherited)",
					"$(PROJECT_DIR)/SQLTestTool",
					"$(PROJECT_DIR)/SQLEditorHandlebarsTemplate",
				);
				INFOPLIST_FILE = SQLEditorHandlebarsTemplate/Info.plist;
				INSTALL_PATH = "$(LOCAL_LIBRARY_DIR)/Bundles";
				LD_RUNPATH_SEARCH_PATHS = "@loader_path/../frameworks/";
				OTHER_LDFLAGS = (
					"$(inherited)",
					"-undefined",
					dynamic_lookup,
					"-ObjC",
				);
				PRODUCT_NAME = "$(TARGET_NAME)";
				SKIP_INSTALL = YES;
				WRAPPER_EXTENSION = bundle;
			};
			name = Debug;
		};
		DECFB7DE1B307488008037F0 /* Release */ = {
			isa = XCBuildConfiguration;
			buildSettings = {
				COMBINE_HIDPI_IMAGES = YES;
				FRAMEWORK_SEARCH_PATHS = (
					"$(inherited)",
					"$(PROJECT_DIR)/SQLTestTool",
					"$(PROJECT_DIR)/SQLEditorHandlebarsTemplate",
				);
				INFOPLIST_FILE = SQLEditorHandlebarsTemplate/Info.plist;
				INSTALL_PATH = "$(LOCAL_LIBRARY_DIR)/Bundles";
				LD_RUNPATH_SEARCH_PATHS = "@loader_path/../frameworks/";
				OTHER_LDFLAGS = (
					"$(inherited)",
					"-undefined",
					dynamic_lookup,
					"-ObjC",
				);
				PRODUCT_NAME = "$(TARGET_NAME)";
				SKIP_INSTALL = YES;
				WRAPPER_EXTENSION = bundle;
			};
			name = Release;
		};
		DECFB7E81B30749B008037F0 /* Debug */ = {
			isa = XCBuildConfiguration;
			buildSettings = {
				FRAMEWORK_SEARCH_PATHS = (
					"$(inherited)",
					"$(PROJECT_DIR)/SQLTestTool",
				);
				GCC_PREPROCESSOR_DEFINITIONS = (
					"DEBUG=1",
					"$(inherited)",
				);
				LD_RUNPATH_SEARCH_PATHS = .;
				PRODUCT_NAME = "$(TARGET_NAME)";
			};
			name = Debug;
		};
		DECFB7E91B30749B008037F0 /* Release */ = {
			isa = XCBuildConfiguration;
			buildSettings = {
				FRAMEWORK_SEARCH_PATHS = (
					"$(inherited)",
					"$(PROJECT_DIR)/SQLTestTool",
				);
				LD_RUNPATH_SEARCH_PATHS = .;
				PRODUCT_NAME = "$(TARGET_NAME)";
			};
			name = Release;
		};
/* End XCBuildConfiguration section */

/* Begin XCConfigurationList section */
		DECFB7D01B307488008037F0 /* Build configuration list for PBXProject "SQLEditorHandlebarsTemplate" */ = {
			isa = XCConfigurationList;
			buildConfigurations = (
				DECFB7DA1B307488008037F0 /* Debug */,
				DECFB7DB1B307488008037F0 /* Release */,
			);
			defaultConfigurationIsVisible = 0;
			defaultConfigurationName = Release;
		};
		DECFB7DC1B307488008037F0 /* Build configuration list for PBXNativeTarget "SQLEditorHandlebarsTemplate" */ = {
			isa = XCConfigurationList;
			buildConfigurations = (
				DECFB7DD1B307488008037F0 /* Debug */,
				DECFB7DE1B307488008037F0 /* Release */,
			);
			defaultConfigurationIsVisible = 0;
			defaultConfigurationName = Release;
		};
		DECFB7E71B30749B008037F0 /* Build configuration list for PBXNativeTarget "SQLTestTool" */ = {
			isa = XCConfigurationList;
			buildConfigurations = (
				DECFB7E81B30749B008037F0 /* Debug */,
				DECFB7E91B30749B008037F0 /* Release */,
			);
			defaultConfigurationIsVisible = 0;
			defaultConfigurationName = Release;
		};
/* End XCConfigurationList section */
	};
	rootObject = DECFB7CD1B307488008037F0 /* Project object */;
}
